Microsoft Visual Studio Solution File, Format Version 11.00
# Visual Studio 2008

Project("{C358C790-BEBD-D581-7142-BAC2FAA2EBDA}") = "Clonestone", "Assembly-CSharp.csproj", "{B2542A21-F5E8-22D2-C87F-315EB41790FC}"
EndProject
Global
	GlobalSection(SolutionConfigurationPlatforms) = preSolution
		Debug|Any CPU = Debug|Any CPU
		Release|Any CPU = Release|Any CPU
	EndGlobalSection
	GlobalSection(ProjectConfigurationPlatforms) = postSolution
		{B2542A21-F5E8-22D2-C87F-315EB41790FC}.Debug|Any CPU.ActiveCfg = Debug|Any CPU
		{B2542A21-F5E8-22D2-C87F-315EB41790FC}.Debug|Any CPU.Build.0 = Debug|Any CPU
		{B2542A21-F5E8-22D2-C87F-315EB41790FC}.Release|Any CPU.ActiveCfg = Release|Any CPU
		{B2542A21-F5E8-22D2-C87F-315EB41790FC}.Release|Any CPU.Build.0 = Release|Any CPU
	EndGlobalSection
	GlobalSection(SolutionProperties) = preSolution
		HideSolutionNode = FALSE
	EndGlobalSection
	GlobalSection(MonoDevelopProperties) = preSolution
		StartupItem = Assembly-CSharp.csproj
	EndGlobalSection
EndGlobal
